
Microsoft Visual Studio Solution File, Format Version 12.00
# Visual Studio Version 17
VisualStudioVersion = 17.11.35219.272
MinimumVisualStudioVersion = 10.0.40219.1
Project("{FAE04EC0-301F-11D3-BF4B-00C04F79EFBC}") = "MyInvestAPI", "MyInvestAPI\MyInvestAPI.csproj", "{A408229D-16BD-4188-B4C3-2C809BA6E279}"
EndProject
Global
	GlobalSection(SolutionConfigurationPlatforms) = preSolution
		Debug|Any CPU = Debug|Any CPU
		Release|Any CPU = Release|Any CPU
	EndGlobalSection
	GlobalSection(ProjectConfigurationPlatforms) = postSolution
		{A408229D-16BD-4188-B4C3-2C809BA6E279}.Debug|Any CPU.ActiveCfg = Debug|Any CPU
		{A408229D-16BD-4188-B4C3-2C809BA6E279}.Debug|Any CPU.Build.0 = Debug|Any CPU
		{A408229D-16BD-4188-B4C3-2C809BA6E279}.Release|Any CPU.ActiveCfg = Release|Any CPU
		{A408229D-16BD-4188-B4C3-2C809BA6E279}.Release|Any CPU.Build.0 = Release|Any CPU
	EndGlobalSection
	GlobalSection(SolutionProperties) = preSolution
		HideSolutionNode = FALSE
	EndGlobalSection
	GlobalSection(ExtensibilityGlobals) = postSolution
		SolutionGuid = {DA0F5B3D-0F77-4A11-8AE8-4CC2CEB814FD}
	EndGlobalSection
EndGlobal
